
Microsoft Visual Studio Solution File, Format Version 12.00
# Visual Studio 15
VisualStudioVersion = 15.0.27428.2011
MinimumVisualStudioVersion = 10.0.40219.1
Project("{FAE04EC0-301F-11D3-BF4B-00C04F79EFBC}") = "PresentationLayer", "MyCourse\PresentationLayer.csproj", "{D1C72FC0-57D7-4A6E-A755-F4B5FB58113A}"
EndProject
Project("{FAE04EC0-301F-11D3-BF4B-00C04F79EFBC}") = "Entities", "Entities\Entities.csproj", "{305123E9-466C-4A96-8E8C-C0C49410B8F3}"
EndProject
Project("{FAE04EC0-301F-11D3-BF4B-00C04F79EFBC}") = "DAL", "DAL\DAL.csproj", "{A53523F4-D1EA-4696-86C3-4519352E8C9C}"
EndProject
Project("{FAE04EC0-301F-11D3-BF4B-00C04F79EFBC}") = "Services", "Services\Services.csproj", "{214F6DAC-34FC-4EE4-B6AE-6C8CEAF450C4}"
EndProject
Global
	GlobalSection(SolutionConfigurationPlatforms) = preSolution
		Debug|Any CPU = Debug|Any CPU
		Release|Any CPU = Release|Any CPU
	EndGlobalSection
	GlobalSection(ProjectConfigurationPlatforms) = postSolution
		{D1C72FC0-57D7-4A6E-A755-F4B5FB58113A}.Debug|Any CPU.ActiveCfg = Debug|Any CPU
		{D1C72FC0-57D7-4A6E-A755-F4B5FB58113A}.Debug|Any CPU.Build.0 = Debug|Any CPU
		{D1C72FC0-57D7-4A6E-A755-F4B5FB58113A}.Release|Any CPU.ActiveCfg = Release|Any CPU
		{D1C72FC0-57D7-4A6E-A755-F4B5FB58113A}.Release|Any CPU.Build.0 = Release|Any CPU
		{305123E9-466C-4A96-8E8C-C0C49410B8F3}.Debug|Any CPU.ActiveCfg = Debug|Any CPU
		{305123E9-466C-4A96-8E8C-C0C49410B8F3}.Debug|Any CPU.Build.0 = Debug|Any CPU
		{305123E9-466C-4A96-8E8C-C0C49410B8F3}.Release|Any CPU.ActiveCfg = Release|Any CPU
		{305123E9-466C-4A96-8E8C-C0C49410B8F3}.Release|Any CPU.Build.0 = Release|Any CPU
		{A53523F4-D1EA-4696-86C3-4519352E8C9C}.Debug|Any CPU.ActiveCfg = Debug|Any CPU
		{A53523F4-D1EA-4696-86C3-4519352E8C9C}.Debug|Any CPU.Build.0 = Debug|Any CPU
		{A53523F4-D1EA-4696-86C3-4519352E8C9C}.Release|Any CPU.ActiveCfg = Release|Any CPU
		{A53523F4-D1EA-4696-86C3-4519352E8C9C}.Release|Any CPU.Build.0 = Release|Any CPU
		{214F6DAC-34FC-4EE4-B6AE-6C8CEAF450C4}.Debug|Any CPU.ActiveCfg = Debug|Any CPU
		{214F6DAC-34FC-4EE4-B6AE-6C8CEAF450C4}.Debug|Any CPU.Build.0 = Debug|Any CPU
		{214F6DAC-34FC-4EE4-B6AE-6C8CEAF450C4}.Release|Any CPU.ActiveCfg = Release|Any CPU
		{214F6DAC-34FC-4EE4-B6AE-6C8CEAF450C4}.Release|Any CPU.Build.0 = Release|Any CPU
	EndGlobalSection
	GlobalSection(SolutionProperties) = preSolution
		HideSolutionNode = FALSE
	EndGlobalSection
	GlobalSection(ExtensibilityGlobals) = postSolution
		SolutionGuid = {8A9B6303-8EBD-42C0-9DA9-AC97123812F5}
	EndGlobalSection
EndGlobal
